
Microsoft Visual Studio Solution File, Format Version 12.00
# Visual Studio Version 17
VisualStudioVersion = 17.3.32922.545
MinimumVisualStudioVersion = 10.0.40219.1
Project("{FAE04EC0-301F-11D3-BF4B-00C04F79EFBC}") = "ProjectsApi", "ProjectsApi\ProjectsApi.csproj", "{7762D711-B0AA-47A3-BAAD-AEC1B67B5535}"
EndProject
Global
	GlobalSection(SolutionConfigurationPlatforms) = preSolution
		Debug|Any CPU = Debug|Any CPU
		Release|Any CPU = Release|Any CPU
	EndGlobalSection
	GlobalSection(ProjectConfigurationPlatforms) = postSolution
		{7762D711-B0AA-47A3-BAAD-AEC1B67B5535}.Debug|Any CPU.ActiveCfg = Debug|Any CPU
		{7762D711-B0AA-47A3-BAAD-AEC1B67B5535}.Debug|Any CPU.Build.0 = Debug|Any CPU
		{7762D711-B0AA-47A3-BAAD-AEC1B67B5535}.Release|Any CPU.ActiveCfg = Release|Any CPU
		{7762D711-B0AA-47A3-BAAD-AEC1B67B5535}.Release|Any CPU.Build.0 = Release|Any CPU
	EndGlobalSection
	GlobalSection(SolutionProperties) = preSolution
		HideSolutionNode = FALSE
	EndGlobalSection
	GlobalSection(ExtensibilityGlobals) = postSolution
		SolutionGuid = {3E1015A6-4C2A-4FB1-A8FA-BFF4B2B0493C}
	EndGlobalSection
EndGlobal
