
Microsoft Visual Studio Solution File, Format Version 12.00
# Visual Studio Version 17
VisualStudioVersion = 17.3.32922.545
MinimumVisualStudioVersion = 10.0.40219.1
Project("{FAE04EC0-301F-11D3-BF4B-00C04F79EFBC}") = "ProjectsApi", "ProjectsApi\ProjectsApi.csproj", "{E75E063C-A917-406E-9009-F6617EDAB211}"
EndProject
Global
	GlobalSection(SolutionConfigurationPlatforms) = preSolution
		Debug|Any CPU = Debug|Any CPU
		Release|Any CPU = Release|Any CPU
	EndGlobalSection
	GlobalSection(ProjectConfigurationPlatforms) = postSolution
		{E75E063C-A917-406E-9009-F6617EDAB211}.Debug|Any CPU.ActiveCfg = Debug|Any CPU
		{E75E063C-A917-406E-9009-F6617EDAB211}.Debug|Any CPU.Build.0 = Debug|Any CPU
		{E75E063C-A917-406E-9009-F6617EDAB211}.Release|Any CPU.ActiveCfg = Release|Any CPU
		{E75E063C-A917-406E-9009-F6617EDAB211}.Release|Any CPU.Build.0 = Release|Any CPU
	EndGlobalSection
	GlobalSection(SolutionProperties) = preSolution
		HideSolutionNode = FALSE
	EndGlobalSection
	GlobalSection(ExtensibilityGlobals) = postSolution
		SolutionGuid = {9BFAF52E-753D-4B39-B583-9C7662D90792}
	EndGlobalSection
EndGlobal
